// !$*UTF8*$!
{
	archiveVersion = 1;
	classes = {
	};
	objectVersion = 50;
	objects = {

/* Begin PBXBuildFile section */
		4143294E2175A5F600F5617A /* AutoLayoutViewController.swift in Sources */ = {isa = PBXBuildFile; fileRef = 4143294D2175A5F600F5617A /* AutoLayoutViewController.swift */; };
		414329502175A60A00F5617A /* AutoLayout.storyboard in Resources */ = {isa = PBXBuildFile; fileRef = 4143294F2175A60A00F5617A /* AutoLayout.storyboard */; };
		414329542175D71100F5617A /* TipCalculatorViewController.swift in Sources */ = {isa = PBXBuildFile; fileRef = 414329532175D71100F5617A /* TipCalculatorViewController.swift */; };
		414329562175D72500F5617A /* TipCalculator.storyboard in Resources */ = {isa = PBXBuildFile; fileRef = 414329552175D72500F5617A /* TipCalculator.storyboard */; };
		414329582175E53700F5617A /* TipCalcModule.swift in Sources */ = {isa = PBXBuildFile; fileRef = 414329572175E53700F5617A /* TipCalcModule.swift */; };
		415EA3B82177300F009868E7 /* TableViewController.swift in Sources */ = {isa = PBXBuildFile; fileRef = 415EA3B72177300F009868E7 /* TableViewController.swift */; };
		415EA3BA2177304C009868E7 /* TableView.storyboard in Resources */ = {isa = PBXBuildFile; fileRef = 415EA3B92177304C009868E7 /* TableView.storyboard */; };
		4160CF3B216930D5006415D7 /* AppDelegate.swift in Sources */ = {isa = PBXBuildFile; fileRef = 4160CF3A216930D5006415D7 /* AppDelegate.swift */; };
		4160CF3D216930D5006415D7 /* ViewController.swift in Sources */ = {isa = PBXBuildFile; fileRef = 4160CF3C216930D5006415D7 /* ViewController.swift */; };
		4160CF40216930D5006415D7 /* Main.storyboard in Resources */ = {isa = PBXBuildFile; fileRef = 4160CF3E216930D5006415D7 /* Main.storyboard */; };
		4160CF42216930D6006415D7 /* Assets.xcassets in Resources */ = {isa = PBXBuildFile; fileRef = 4160CF41216930D6006415D7 /* Assets.xcassets */; };
		4160CF45216930D6006415D7 /* LaunchScreen.storyboard in Resources */ = {isa = PBXBuildFile; fileRef = 4160CF43216930D6006415D7 /* LaunchScreen.storyboard */; };
		4160CF50216930D6006415D7 /* UIViewTests.swift in Sources */ = {isa = PBXBuildFile; fileRef = 4160CF4F216930D6006415D7 /* UIViewTests.swift */; };
		4160CF5B216930D6006415D7 /* UIViewUITests.swift in Sources */ = {isa = PBXBuildFile; fileRef = 4160CF5A216930D6006415D7 /* UIViewUITests.swift */; };
		417C53D921783074001E0674 /* TableViewCell.swift in Sources */ = {isa = PBXBuildFile; fileRef = 417C53D821783074001E0674 /* TableViewCell.swift */; };
		417C53DB21784029001E0674 /* Model.swift in Sources */ = {isa = PBXBuildFile; fileRef = 417C53DA21784029001E0674 /* Model.swift */; };
		417C53DE21788959001E0674 /* LifecycleViewController.swift in Sources */ = {isa = PBXBuildFile; fileRef = 417C53DD21788959001E0674 /* LifecycleViewController.swift */; };
		417C53E02178896B001E0674 /* Lifecycle.storyboard in Resources */ = {isa = PBXBuildFile; fileRef = 417C53DF2178896B001E0674 /* Lifecycle.storyboard */; };
		417C53E22178937A001E0674 /* Screeen2.swift in Sources */ = {isa = PBXBuildFile; fileRef = 417C53E12178937A001E0674 /* Screeen2.swift */; };
		41816D3C216C64040006A4DC /* RatingControl.swift in Sources */ = {isa = PBXBuildFile; fileRef = 41816D3B216C64040006A4DC /* RatingControl.swift */; };
/* End PBXBuildFile section */

/* Begin PBXContainerItemProxy section */
		4160CF4C216930D6006415D7 /* PBXContainerItemProxy */ = {
			isa = PBXContainerItemProxy;
			containerPortal = 4160CF2F216930D4006415D7 /* Project object */;
			proxyType = 1;
			remoteGlobalIDString = 4160CF36216930D5006415D7;
			remoteInfo = UIView;
		};
		4160CF57216930D6006415D7 /* PBXContainerItemProxy */ = {
			isa = PBXContainerItemProxy;
			containerPortal = 4160CF2F216930D4006415D7 /* Project object */;
			proxyType = 1;
			remoteGlobalIDString = 4160CF36216930D5006415D7;
			remoteInfo = UIView;
		};
/* End PBXContainerItemProxy section */

/* Begin PBXFileReference section */
		4143294D2175A5F600F5617A /* AutoLayoutViewController.swift */ = {isa = PBXFileReference; lastKnownFileType = sourcecode.swift; path = AutoLayoutViewController.swift; sourceTree = "<group>"; };
		4143294F2175A60A00F5617A /* AutoLayout.storyboard */ = {isa = PBXFileReference; lastKnownFileType = file.storyboard; path = AutoLayout.storyboard; sourceTree = "<group>"; };
		414329532175D71100F5617A /* TipCalculatorViewController.swift */ = {isa = PBXFileReference; lastKnownFileType = sourcecode.swift; path = TipCalculatorViewController.swift; sourceTree = "<group>"; };
		414329552175D72500F5617A /* TipCalculator.storyboard */ = {isa = PBXFileReference; lastKnownFileType = file.storyboard; path = TipCalculator.storyboard; sourceTree = "<group>"; };
		414329572175E53700F5617A /* TipCalcModule.swift */ = {isa = PBXFileReference; lastKnownFileType = sourcecode.swift; path = TipCalcModule.swift; sourceTree = "<group>"; };
		415EA3B72177300F009868E7 /* TableViewController.swift */ = {isa = PBXFileReference; lastKnownFileType = sourcecode.swift; path = TableViewController.swift; sourceTree = "<group>"; };
		415EA3B92177304C009868E7 /* TableView.storyboard */ = {isa = PBXFileReference; lastKnownFileType = file.storyboard; path = TableView.storyboard; sourceTree = "<group>"; };
		4160CF37216930D5006415D7 /* UIView.app */ = {isa = PBXFileReference; explicitFileType = wrapper.application; includeInIndex = 0; path = UIView.app; sourceTree = BUILT_PRODUCTS_DIR; };
		4160CF3A216930D5006415D7 /* AppDelegate.swift */ = {isa = PBXFileReference; lastKnownFileType = sourcecode.swift; path = AppDelegate.swift; sourceTree = "<group>"; };
		4160CF3C216930D5006415D7 /* ViewController.swift */ = {isa = PBXFileReference; lastKnownFileType = sourcecode.swift; path = ViewController.swift; sourceTree = "<group>"; };
		4160CF3F216930D5006415D7 /* Base */ = {isa = PBXFileReference; lastKnownFileType = file.storyboard; name = Base; path = Base.lproj/Main.storyboard; sourceTree = "<group>"; };
		4160CF41216930D6006415D7 /* Assets.xcassets */ = {isa = PBXFileReference; lastKnownFileType = folder.assetcatalog; path = Assets.xcassets; sourceTree = "<group>"; };
		4160CF44216930D6006415D7 /* Base */ = {isa = PBXFileReference; lastKnownFileType = file.storyboard; name = Base; path = Base.lproj/LaunchScreen.storyboard; sourceTree = "<group>"; };
		4160CF46216930D6006415D7 /* Info.plist */ = {isa = PBXFileReference; lastKnownFileType = text.plist.xml; path = Info.plist; sourceTree = "<group>"; };
		4160CF4B216930D6006415D7 /* UIViewTests.xctest */ = {isa = PBXFileReference; explicitFileType = wrapper.cfbundle; includeInIndex = 0; path = UIViewTests.xctest; sourceTree = BUILT_PRODUCTS_DIR; };
		4160CF4F216930D6006415D7 /* UIViewTests.swift */ = {isa = PBXFileReference; lastKnownFileType = sourcecode.swift; path = UIViewTests.swift; sourceTree = "<group>"; };
		4160CF51216930D6006415D7 /* Info.plist */ = {isa = PBXFileReference; lastKnownFileType = text.plist.xml; path = Info.plist; sourceTree = "<group>"; };
		4160CF56216930D6006415D7 /* UIViewUITests.xctest */ = {isa = PBXFileReference; explicitFileType = wrapper.cfbundle; includeInIndex = 0; path = UIViewUITests.xctest; sourceTree = BUILT_PRODUCTS_DIR; };
		4160CF5A216930D6006415D7 /* UIViewUITests.swift */ = {isa = PBXFileReference; lastKnownFileType = sourcecode.swift; path = UIViewUITests.swift; sourceTree = "<group>"; };
		4160CF5C216930D6006415D7 /* Info.plist */ = {isa = PBXFileReference; lastKnownFileType = text.plist.xml; path = Info.plist; sourceTree = "<group>"; };
		417C53D821783074001E0674 /* TableViewCell.swift */ = {isa = PBXFileReference; lastKnownFileType = sourcecode.swift; path = TableViewCell.swift; sourceTree = "<group>"; };
		417C53DA21784029001E0674 /* Model.swift */ = {isa = PBXFileReference; lastKnownFileType = sourcecode.swift; path = Model.swift; sourceTree = "<group>"; };
		417C53DD21788959001E0674 /* LifecycleViewController.swift */ = {isa = PBXFileReference; lastKnownFileType = sourcecode.swift; path = LifecycleViewController.swift; sourceTree = "<group>"; };
		417C53DF2178896B001E0674 /* Lifecycle.storyboard */ = {isa = PBXFileReference; lastKnownFileType = file.storyboard; path = Lifecycle.storyboard; sourceTree = "<group>"; };
		417C53E12178937A001E0674 /* Screeen2.swift */ = {isa = PBXFileReference; lastKnownFileType = sourcecode.swift; path = Screeen2.swift; sourceTree = "<group>"; };
		41816D3B216C64040006A4DC /* RatingControl.swift */ = {isa = PBXFileReference; lastKnownFileType = sourcecode.swift; path = RatingControl.swift; sourceTree = "<group>"; };
/* End PBXFileReference section */

/* Begin PBXFrameworksBuildPhase section */
		4160CF34216930D5006415D7 /* Frameworks */ = {
			isa = PBXFrameworksBuildPhase;
			buildActionMask = 2147483647;
			files = (
			);
			runOnlyForDeploymentPostprocessing = 0;
		};
		4160CF48216930D6006415D7 /* Frameworks */ = {
			isa = PBXFrameworksBuildPhase;
			buildActionMask = 2147483647;
			files = (
			);
			runOnlyForDeploymentPostprocessing = 0;
		};
		4160CF53216930D6006415D7 /* Frameworks */ = {
			isa = PBXFrameworksBuildPhase;
			buildActionMask = 2147483647;
			files = (
			);
			runOnlyForDeploymentPostprocessing = 0;
		};
/* End PBXFrameworksBuildPhase section */

/* Begin PBXGroup section */
		4143294C2175A5C200F5617A /* AutoLayout */ = {
			isa = PBXGroup;
			children = (
				4143294D2175A5F600F5617A /* AutoLayoutViewController.swift */,
				4143294F2175A60A00F5617A /* AutoLayout.storyboard */,
			);
			path = AutoLayout;
			sourceTree = "<group>";
		};
		414329522175D6E900F5617A /* TipCalculator */ = {
			isa = PBXGroup;
			children = (
				414329532175D71100F5617A /* TipCalculatorViewController.swift */,
				414329552175D72500F5617A /* TipCalculator.storyboard */,
				414329572175E53700F5617A /* TipCalcModule.swift */,
			);
			path = TipCalculator;
			sourceTree = "<group>";
		};
		415EA3B621772FC6009868E7 /* TabletView */ = {
			isa = PBXGroup;
			children = (
				417C53D72178304C001E0674 /* TableViewCell */,
				415EA3B72177300F009868E7 /* TableViewController.swift */,
				415EA3B92177304C009868E7 /* TableView.storyboard */,
				417C53DA21784029001E0674 /* Model.swift */,
			);
			path = TabletView;
			sourceTree = "<group>";
		};
		4160CF2E216930D4006415D7 = {
			isa = PBXGroup;
			children = (
				4160CF39216930D5006415D7 /* UIView */,
				4160CF4E216930D6006415D7 /* UIViewTests */,
				4160CF59216930D6006415D7 /* UIViewUITests */,
				4160CF38216930D5006415D7 /* Products */,
			);
			sourceTree = "<group>";
		};
		4160CF38216930D5006415D7 /* Products */ = {
			isa = PBXGroup;
			children = (
				4160CF37216930D5006415D7 /* UIView.app */,
				4160CF4B216930D6006415D7 /* UIViewTests.xctest */,
				4160CF56216930D6006415D7 /* UIViewUITests.xctest */,
			);
			name = Products;
			sourceTree = "<group>";
		};
		4160CF39216930D5006415D7 /* UIView */ = {
			isa = PBXGroup;
			children = (
				417C53DC2178892D001E0674 /* Lifecycle */,
				415EA3B621772FC6009868E7 /* TabletView */,
				414329522175D6E900F5617A /* TipCalculator */,
				4143294C2175A5C200F5617A /* AutoLayout */,
				4160CF3A216930D5006415D7 /* AppDelegate.swift */,
				4160CF3C216930D5006415D7 /* ViewController.swift */,
				4160CF3E216930D5006415D7 /* Main.storyboard */,
				41816D3B216C64040006A4DC /* RatingControl.swift */,
				4160CF41216930D6006415D7 /* Assets.xcassets */,
				4160CF43216930D6006415D7 /* LaunchScreen.storyboard */,
				4160CF46216930D6006415D7 /* Info.plist */,
			);
			path = UIView;
			sourceTree = "<group>";
		};
		4160CF4E216930D6006415D7 /* UIViewTests */ = {
			isa = PBXGroup;
			children = (
				4160CF4F216930D6006415D7 /* UIViewTests.swift */,
				4160CF51216930D6006415D7 /* Info.plist */,
			);
			path = UIViewTests;
			sourceTree = "<group>";
		};
		4160CF59216930D6006415D7 /* UIViewUITests */ = {
			isa = PBXGroup;
			children = (
				4160CF5A216930D6006415D7 /* UIViewUITests.swift */,
				4160CF5C216930D6006415D7 /* Info.plist */,
			);
			path = UIViewUITests;
			sourceTree = "<group>";
		};
		417C53D72178304C001E0674 /* TableViewCell */ = {
			isa = PBXGroup;
			children = (
				417C53D821783074001E0674 /* TableViewCell.swift */,
			);
			path = TableViewCell;
			sourceTree = "<group>";
		};
		417C53DC2178892D001E0674 /* Lifecycle */ = {
			isa = PBXGroup;
			children = (
				417C53DD21788959001E0674 /* LifecycleViewController.swift */,
				417C53DF2178896B001E0674 /* Lifecycle.storyboard */,
				417C53E12178937A001E0674 /* Screeen2.swift */,
			);
			path = Lifecycle;
			sourceTree = "<group>";
		};
/* End PBXGroup section */

/* Begin PBXNativeTarget section */
		4160CF36216930D5006415D7 /* UIView */ = {
			isa = PBXNativeTarget;
			buildConfigurationList = 4160CF5F216930D6006415D7 /* Build configuration list for PBXNativeTarget "UIView" */;
			buildPhases = (
				4160CF33216930D5006415D7 /* Sources */,
				4160CF34216930D5006415D7 /* Frameworks */,
				4160CF35216930D5006415D7 /* Resources */,
			);
			buildRules = (
			);
			dependencies = (
			);
			name = UIView;
			productName = UIView;
			productReference = 4160CF37216930D5006415D7 /* UIView.app */;
			productType = "com.apple.product-type.application";
		};
		4160CF4A216930D6006415D7 /* UIViewTests */ = {
			isa = PBXNativeTarget;
			buildConfigurationList = 4160CF62216930D6006415D7 /* Build configuration list for PBXNativeTarget "UIViewTests" */;
			buildPhases = (
				4160CF47216930D6006415D7 /* Sources */,
				4160CF48216930D6006415D7 /* Frameworks */,
				4160CF49216930D6006415D7 /* Resources */,
			);
			buildRules = (
			);
			dependencies = (
				4160CF4D216930D6006415D7 /* PBXTargetDependency */,
			);
			name = UIViewTests;
			productName = UIViewTests;
			productReference = 4160CF4B216930D6006415D7 /* UIViewTests.xctest */;
			productType = "com.apple.product-type.bundle.unit-test";
		};
		4160CF55216930D6006415D7 /* UIViewUITests */ = {
			isa = PBXNativeTarget;
			buildConfigurationList = 4160CF65216930D6006415D7 /* Build configuration list for PBXNativeTarget "UIViewUITests" */;
			buildPhases = (
				4160CF52216930D6006415D7 /* Sources */,
				4160CF53216930D6006415D7 /* Frameworks */,
				4160CF54216930D6006415D7 /* Resources */,
			);
			buildRules = (
			);
			dependencies = (
				4160CF58216930D6006415D7 /* PBXTargetDependency */,
			);
			name = UIViewUITests;
			productName = UIViewUITests;
			productReference = 4160CF56216930D6006415D7 /* UIViewUITests.xctest */;
			productType = "com.apple.product-type.bundle.ui-testing";
		};
/* End PBXNativeTarget section */

/* Begin PBXProject section */
		4160CF2F216930D4006415D7 /* Project object */ = {
			isa = PBXProject;
			attributes = {
				LastSwiftUpdateCheck = 1000;
				LastUpgradeCheck = 1000;
				ORGANIZATIONNAME = Steve;
				TargetAttributes = {
					4160CF36216930D5006415D7 = {
						CreatedOnToolsVersion = 10.0;
					};
					4160CF4A216930D6006415D7 = {
						CreatedOnToolsVersion = 10.0;
						TestTargetID = 4160CF36216930D5006415D7;
					};
					4160CF55216930D6006415D7 = {
						CreatedOnToolsVersion = 10.0;
						TestTargetID = 4160CF36216930D5006415D7;
					};
				};
			};
			buildConfigurationList = 4160CF32216930D4006415D7 /* Build configuration list for PBXProject "UIView" */;
			compatibilityVersion = "Xcode 9.3";
			developmentRegion = en;
			hasScannedForEncodings = 0;
			knownRegions = (
				en,
				Base,
			);
			mainGroup = 4160CF2E216930D4006415D7;
			productRefGroup = 4160CF38216930D5006415D7 /* Products */;
			projectDirPath = "";
			projectRoot = "";
			targets = (
				4160CF36216930D5006415D7 /* UIView */,
				4160CF4A216930D6006415D7 /* UIViewTests */,
				4160CF55216930D6006415D7 /* UIViewUITests */,
			);
		};
/* End PBXProject section */

/* Begin PBXResourcesBuildPhase section */
		4160CF35216930D5006415D7 /* Resources */ = {
			isa = PBXResourcesBuildPhase;
			buildActionMask = 2147483647;
			files = (
				415EA3BA2177304C009868E7 /* TableView.storyboard in Resources */,
				4160CF45216930D6006415D7 /* LaunchScreen.storyboard in Resources */,
				4160CF42216930D6006415D7 /* Assets.xcassets in Resources */,
				4160CF40216930D5006415D7 /* Main.storyboard in Resources */,
				414329562175D72500F5617A /* TipCalculator.storyboard in Resources */,
				417C53E02178896B001E0674 /* Lifecycle.storyboard in Resources */,
				414329502175A60A00F5617A /* AutoLayout.storyboard in Resources */,
			);
			runOnlyForDeploymentPostprocessing = 0;
		};
		4160CF49216930D6006415D7 /* Resources */ = {
			isa = PBXResourcesBuildPhase;
			buildActionMask = 2147483647;
			files = (
			);
			runOnlyForDeploymentPostprocessing = 0;
		};
		4160CF54216930D6006415D7 /* Resources */ = {
			isa = PBXResourcesBuildPhase;
			buildActionMask = 2147483647;
			files = (
			);
			runOnlyForDeploymentPostprocessing = 0;
		};
/* End PBXResourcesBuildPhase section */

/* Begin PBXSourcesBuildPhase section */
		4160CF33216930D5006415D7 /* Sources */ = {
			isa = PBXSourcesBuildPhase;
			buildActionMask = 2147483647;
			files = (
				417C53DB21784029001E0674 /* Model.swift in Sources */,
				414329542175D71100F5617A /* TipCalculatorViewController.swift in Sources */,
				417C53D921783074001E0674 /* TableViewCell.swift in Sources */,
				4160CF3D216930D5006415D7 /* ViewController.swift in Sources */,
				417C53E22178937A001E0674 /* Screeen2.swift in Sources */,
				415EA3B82177300F009868E7 /* TableViewController.swift in Sources */,
				41816D3C216C64040006A4DC /* RatingControl.swift in Sources */,
				4160CF3B216930D5006415D7 /* AppDelegate.swift in Sources */,
				414329582175E53700F5617A /* TipCalcModule.swift in Sources */,
				4143294E2175A5F600F5617A /* AutoLayoutViewController.swift in Sources */,
				417C53DE21788959001E0674 /* LifecycleViewController.swift in Sources */,
			);
			runOnlyForDeploymentPostprocessing = 0;
		};
		4160CF47216930D6006415D7 /* Sources */ = {
			isa = PBXSourcesBuildPhase;
			buildActionMask = 2147483647;
			files = (
				4160CF50216930D6006415D7 /* UIViewTests.swift in Sources */,
			);
			runOnlyForDeploymentPostprocessing = 0;
		};
		4160CF52216930D6006415D7 /* Sources */ = {
			isa = PBXSourcesBuildPhase;
			buildActionMask = 2147483647;
			files = (
				4160CF5B216930D6006415D7 /* UIViewUITests.swift in Sources */,
			);
			runOnlyForDeploymentPostprocessing = 0;
		};
/* End PBXSourcesBuildPhase section */

/* Begin PBXTargetDependency section */
		4160CF4D216930D6006415D7 /* PBXTargetDependency */ = {
			isa = PBXTargetDependency;
			target = 4160CF36216930D5006415D7 /* UIView */;
			targetProxy = 4160CF4C216930D6006415D7 /* PBXContainerItemProxy */;
		};
		4160CF58216930D6006415D7 /* PBXTargetDependency */ = {
			isa = PBXTargetDependency;
			target = 4160CF36216930D5006415D7 /* UIView */;
			targetProxy = 4160CF57216930D6006415D7 /* PBXContainerItemProxy */;
		};
/* End PBXTargetDependency section */

/* Begin PBXVariantGroup section */
		4160CF3E216930D5006415D7 /* Main.storyboard */ = {
			isa = PBXVariantGroup;
			children = (
				4160CF3F216930D5006415D7 /* Base */,
			);
			name = Main.storyboard;
			sourceTree = "<group>";
		};
		4160CF43216930D6006415D7 /* LaunchScreen.storyboard */ = {
			isa = PBXVariantGroup;
			children = (
				4160CF44216930D6006415D7 /* Base */,
			);
			name = LaunchScreen.storyboard;
			sourceTree = "<group>";
		};
/* End PBXVariantGroup section */

/* Begin XCBuildConfiguration section */
		4160CF5D216930D6006415D7 /* Debug */ = {
			isa = XCBuildConfiguration;
			buildSettings = {
				ALWAYS_SEARCH_USER_PATHS = NO;
				CLANG_ANALYZER_NONNULL = YES;
				CLANG_ANALYZER_NUMBER_OBJECT_CONVERSION = YES_AGGRESSIVE;
				CLANG_CXX_LANGUAGE_STANDARD = "gnu++14";
				CLANG_CXX_LIBRARY = "libc++";
				CLANG_ENABLE_MODULES = YES;
				CLANG_ENABLE_OBJC_ARC = YES;
				CLANG_ENABLE_OBJC_WEAK = YES;
				CLANG_WARN_BLOCK_CAPTURE_AUTORELEASING = YES;
				CLANG_WARN_BOOL_CONVERSION = YES;
				CLANG_WARN_COMMA = YES;
				CLANG_WARN_CONSTANT_CONVERSION = YES;
				CLANG_WARN_DEPRECATED_OBJC_IMPLEMENTATIONS = YES;
				CLANG_WARN_DIRECT_OBJC_ISA_USAGE = YES_ERROR;
				CLANG_WARN_DOCUMENTATION_COMMENTS = YES;
				CLANG_WARN_EMPTY_BODY = YES;
				CLANG_WARN_ENUM_CONVERSION = YES;
				CLANG_WARN_INFINITE_RECURSION = YES;
				CLANG_WARN_INT_CONVERSION = YES;
				CLANG_WARN_NON_LITERAL_NULL_CONVERSION = YES;
				CLANG_WARN_OBJC_IMPLICIT_RETAIN_SELF = YES;
				CLANG_WARN_OBJC_LITERAL_CONVERSION = YES;
				CLANG_WARN_OBJC_ROOT_CLASS = YES_ERROR;
				CLANG_WARN_RANGE_LOOP_ANALYSIS = YES;
				CLANG_WARN_STRICT_PROTOTYPES = YES;
				CLANG_WARN_SUSPICIOUS_MOVE = YES;
				CLANG_WARN_UNGUARDED_AVAILABILITY = YES_AGGRESSIVE;
				CLANG_WARN_UNREACHABLE_CODE = YES;
				CLANG_WARN__DUPLICATE_METHOD_MATCH = YES;
				CODE_SIGN_IDENTITY = "iPhone Developer";
				COPY_PHASE_STRIP = NO;
				DEBUG_INFORMATION_FORMAT = dwarf;
				ENABLE_STRICT_OBJC_MSGSEND = YES;
				ENABLE_TESTABILITY = YES;
				GCC_C_LANGUAGE_STANDARD = gnu11;
				GCC_DYNAMIC_NO_PIC = NO;
				GCC_NO_COMMON_BLOCKS = YES;
				GCC_OPTIMIZATION_LEVEL = 0;
				GCC_PREPROCESSOR_DEFINITIONS = (
					"DEBUG=1",
					"$(inherited)",
				);
				GCC_WARN_64_TO_32_BIT_CONVERSION = YES;
				GCC_WARN_ABOUT_RETURN_TYPE = YES_ERROR;
				GCC_WARN_UNDECLARED_SELECTOR = YES;
				GCC_WARN_UNINITIALIZED_AUTOS = YES_AGGRESSIVE;
				GCC_WARN_UNUSED_FUNCTION = YES;
				GCC_WARN_UNUSED_VARIABLE = YES;
				IPHONEOS_DEPLOYMENT_TARGET = 12.0;
				MTL_ENABLE_DEBUG_INFO = INCLUDE_SOURCE;
				MTL_FAST_MATH = YES;
				ONLY_ACTIVE_ARCH = YES;
				SDKROOT = iphoneos;
				SWIFT_ACTIVE_COMPILATION_CONDITIONS = DEBUG;
				SWIFT_OPTIMIZATION_LEVEL = "-Onone";
			};
			name = Debug;
		};
		4160CF5E216930D6006415D7 /* Release */ = {
			isa = XCBuildConfiguration;
			buildSettings = {
				ALWAYS_SEARCH_USER_PATHS = NO;
				CLANG_ANALYZER_NONNULL = YES;
				CLANG_ANALYZER_NUMBER_OBJECT_CONVERSION = YES_AGGRESSIVE;
				CLANG_CXX_LANGUAGE_STANDARD = "gnu++14";
				CLANG_CXX_LIBRARY = "libc++";
				CLANG_ENABLE_MODULES = YES;
				CLANG_ENABLE_OBJC_ARC = YES;
				CLANG_ENABLE_OBJC_WEAK = YES;
				CLANG_WARN_BLOCK_CAPTURE_AUTORELEASING = YES;
				CLANG_WARN_BOOL_CONVERSION = YES;
				CLANG_WARN_COMMA = YES;
				CLANG_WARN_CONSTANT_CONVERSION = YES;
				CLANG_WARN_DEPRECATED_OBJC_IMPLEMENTATIONS = YES;
				CLANG_WARN_DIRECT_OBJC_ISA_USAGE = YES_ERROR;
				CLANG_WARN_DOCUMENTATION_COMMENTS = YES;
				CLANG_WARN_EMPTY_BODY = YES;
				CLANG_WARN_ENUM_CONVERSION = YES;
				CLANG_WARN_INFINITE_RECURSION = YES;
				CLANG_WARN_INT_CONVERSION = YES;
				CLANG_WARN_NON_LITERAL_NULL_CONVERSION = YES;
				CLANG_WARN_OBJC_IMPLICIT_RETAIN_SELF = YES;
				CLANG_WARN_OBJC_LITERAL_CONVERSION = YES;
				CLANG_WARN_OBJC_ROOT_CLASS = YES_ERROR;
				CLANG_WARN_RANGE_LOOP_ANALYSIS = YES;
				CLANG_WARN_STRICT_PROTOTYPES = YES;
				CLANG_WARN_SUSPICIOUS_MOVE = YES;
				CLANG_WARN_UNGUARDED_AVAILABILITY = YES_AGGRESSIVE;
				CLANG_WARN_UNREACHABLE_CODE = YES;
				CLANG_WARN__DUPLICATE_METHOD_MATCH = YES;
				CODE_SIGN_IDENTITY = "iPhone Developer";
				COPY_PHASE_STRIP = NO;
				DEBUG_INFORMATION_FORMAT = "dwarf-with-dsym";
				ENABLE_NS_ASSERTIONS = NO;
				ENABLE_STRICT_OBJC_MSGSEND = YES;
				GCC_C_LANGUAGE_STANDARD = gnu11;
				GCC_NO_COMMON_BLOCKS = YES;
				GCC_WARN_64_TO_32_BIT_CONVERSION = YES;
				GCC_WARN_ABOUT_RETURN_TYPE = YES_ERROR;
				GCC_WARN_UNDECLARED_SELECTOR = YES;
				GCC_WARN_UNINITIALIZED_AUTOS = YES_AGGRESSIVE;
				GCC_WARN_UNUSED_FUNCTION = YES;
				GCC_WARN_UNUSED_VARIABLE = YES;
				IPHONEOS_DEPLOYMENT_TARGET = 12.0;
				MTL_ENABLE_DEBUG_INFO = NO;
				MTL_FAST_MATH = YES;
				SDKROOT = iphoneos;
				SWIFT_COMPILATION_MODE = wholemodule;
				SWIFT_OPTIMIZATION_LEVEL = "-O";
				VALIDATE_PRODUCT = YES;
			};
			name = Release;
		};
		4160CF60216930D6006415D7 /* Debug */ = {
			isa = XCBuildConfiguration;
			buildSettings = {
				ASSETCATALOG_COMPILER_APPICON_NAME = AppIcon;
				CODE_SIGN_STYLE = Automatic;
				INFOPLIST_FILE = UIView/Info.plist;
				LD_RUNPATH_SEARCH_PATHS = (
					"$(inherited)",
					"@executable_path/Frameworks",
				);
				PRODUCT_BUNDLE_IDENTIFIER = Steve.UIView;
				PRODUCT_NAME = "$(TARGET_NAME)";
				SWIFT_VERSION = 4.2;
				TARGETED_DEVICE_FAMILY = "1,2";
			};
			name = Debug;
		};
		4160CF61216930D6006415D7 /* Release */ = {
			isa = XCBuildConfiguration;
			buildSettings = {
				ASSETCATALOG_COMPILER_APPICON_NAME = AppIcon;
				CODE_SIGN_STYLE = Automatic;
				INFOPLIST_FILE = UIView/Info.plist;
				LD_RUNPATH_SEARCH_PATHS = (
					"$(inherited)",
					"@executable_path/Frameworks",
				);
				PRODUCT_BUNDLE_IDENTIFIER = Steve.UIView;
				PRODUCT_NAME = "$(TARGET_NAME)";
				SWIFT_VERSION = 4.2;
				TARGETED_DEVICE_FAMILY = "1,2";
			};
			name = Release;
		};
		4160CF63216930D6006415D7 /* Debug */ = {
			isa = XCBuildConfiguration;
			buildSettings = {
				ALWAYS_EMBED_SWIFT_STANDARD_LIBRARIES = YES;
				BUNDLE_LOADER = "$(TEST_HOST)";
				CODE_SIGN_STYLE = Automatic;
				INFOPLIST_FILE = UIViewTests/Info.plist;
				LD_RUNPATH_SEARCH_PATHS = (
					"$(inherited)",
					"@executable_path/Frameworks",
					"@loader_path/Frameworks",
				);
				PRODUCT_BUNDLE_IDENTIFIER = Steve.UIViewTests;
				PRODUCT_NAME = "$(TARGET_NAME)";
				SWIFT_VERSION = 4.2;
				TARGETED_DEVICE_FAMILY = "1,2";
				TEST_HOST = "$(BUILT_PRODUCTS_DIR)/UIView.app/UIView";
			};
			name = Debug;
		};
		4160CF64216930D6006415D7 /* Release */ = {
			isa = XCBuildConfiguration;
			buildSettings = {
				ALWAYS_EMBED_SWIFT_STANDARD_LIBRARIES = YES;
				BUNDLE_LOADER = "$(TEST_HOST)";
				CODE_SIGN_STYLE = Automatic;
				INFOPLIST_FILE = UIViewTests/Info.plist;
				LD_RUNPATH_SEARCH_PATHS = (
					"$(inherited)",
					"@executable_path/Frameworks",
					"@loader_path/Frameworks",
				);
				PRODUCT_BUNDLE_IDENTIFIER = Steve.UIViewTests;
				PRODUCT_NAME = "$(TARGET_NAME)";
				SWIFT_VERSION = 4.2;
				TARGETED_DEVICE_FAMILY = "1,2";
				TEST_HOST = "$(BUILT_PRODUCTS_DIR)/UIView.app/UIView";
			};
			name = Release;
		};
		4160CF66216930D6006415D7 /* Debug */ = {
			isa = XCBuildConfiguration;
			buildSettings = {
				ALWAYS_EMBED_SWIFT_STANDARD_LIBRARIES = YES;
				CODE_SIGN_STYLE = Automatic;
				INFOPLIST_FILE = UIViewUITests/Info.plist;
				LD_RUNPATH_SEARCH_PATHS = (
					"$(inherited)",
					"@executable_path/Frameworks",
					"@loader_path/Frameworks",
				);
				PRODUCT_BUNDLE_IDENTIFIER = Steve.UIViewUITests;
				PRODUCT_NAME = "$(TARGET_NAME)";
				SWIFT_VERSION = 4.2;
				TARGETED_DEVICE_FAMILY = "1,2";
				TEST_TARGET_NAME = UIView;
			};
			name = Debug;
		};
		4160CF67216930D6006415D7 /* Release */ = {
			isa = XCBuildConfiguration;
			buildSettings = {
				ALWAYS_EMBED_SWIFT_STANDARD_LIBRARIES = YES;
				CODE_SIGN_STYLE = Automatic;
				INFOPLIST_FILE = UIViewUITests/Info.plist;
				LD_RUNPATH_SEARCH_PATHS = (
					"$(inherited)",
					"@executable_path/Frameworks",
					"@loader_path/Frameworks",
				);
				PRODUCT_BUNDLE_IDENTIFIER = Steve.UIViewUITests;
				PRODUCT_NAME = "$(TARGET_NAME)";
				SWIFT_VERSION = 4.2;
				TARGETED_DEVICE_FAMILY = "1,2";
				TEST_TARGET_NAME = UIView;
			};
			name = Release;
		};
/* End XCBuildConfiguration section */

/* Begin XCConfigurationList section */
		4160CF32216930D4006415D7 /* Build configuration list for PBXProject "UIView" */ = {
			isa = XCConfigurationList;
			buildConfigurations = (
				4160CF5D216930D6006415D7 /* Debug */,
				4160CF5E216930D6006415D7 /* Release */,
			);
			defaultConfigurationIsVisible = 0;
			defaultConfigurationName = Release;
		};
		4160CF5F216930D6006415D7 /* Build configuration list for PBXNativeTarget "UIView" */ = {
			isa = XCConfigurationList;
			buildConfigurations = (
				4160CF60216930D6006415D7 /* Debug */,
				4160CF61216930D6006415D7 /* Release */,
			);
			defaultConfigurationIsVisible = 0;
			defaultConfigurationName = Release;
		};
		4160CF62216930D6006415D7 /* Build configuration list for PBXNativeTarget "UIViewTests" */ = {
			isa = XCConfigurationList;
			buildConfigurations = (
				4160CF63216930D6006415D7 /* Debug */,
				4160CF64216930D6006415D7 /* Release */,
			);
			defaultConfigurationIsVisible = 0;
			defaultConfigurationName = Release;
		};
		4160CF65216930D6006415D7 /* Build configuration list for PBXNativeTarget "UIViewUITests" */ = {
			isa = XCConfigurationList;
			buildConfigurations = (
				4160CF66216930D6006415D7 /* Debug */,
				4160CF67216930D6006415D7 /* Release */,
			);
			defaultConfigurationIsVisible = 0;
			defaultConfigurationName = Release;
		};
/* End XCConfigurationList section */
	};
	rootObject = 4160CF2F216930D4006415D7 /* Project object */;
}
